
Microsoft Visual Studio Solution File, Format Version 12.00
# Visual Studio Version 16
VisualStudioVersion = 16.0.28407.52
MinimumVisualStudioVersion = 10.0.40219.1
Project("{FAE04EC0-301F-11D3-BF4B-00C04F79EFBC}") = "JetSolutionsApp.Android", "JetSolutionsApp\JetSolutionsApp.Android\JetSolutionsApp.Android.csproj", "{6685D816-1174-4411-A5DA-56B65C5033A6}"
EndProject
Project("{FAE04EC0-301F-11D3-BF4B-00C04F79EFBC}") = "JetSolutionsApp.iOS", "JetSolutionsApp\JetSolutionsApp.iOS\JetSolutionsApp.iOS.csproj", "{3BD124F8-6A43-4AFF-BE46-49A0029A08DF}"
EndProject
Project("{FAE04EC0-301F-11D3-BF4B-00C04F79EFBC}") = "JetSolutionsApp", "JetSolutionsApp\JetSolutionsApp\JetSolutionsApp.csproj", "{7F5787C5-09B2-4C66-8D0C-169E068EF1BB}"
EndProject
Global
	GlobalSection(SolutionConfigurationPlatforms) = preSolution
		Ad-Hoc|Any CPU = Ad-Hoc|Any CPU
		Ad-Hoc|iPhone = Ad-Hoc|iPhone
		Ad-Hoc|iPhoneSimulator = Ad-Hoc|iPhoneSimulator
		AppStore|Any CPU = AppStore|Any CPU
		AppStore|iPhone = AppStore|iPhone
		AppStore|iPhoneSimulator = AppStore|iPhoneSimulator
		Debug|Any CPU = Debug|Any CPU
		Debug|iPhone = Debug|iPhone
		Debug|iPhoneSimulator = Debug|iPhoneSimulator
		Release|Any CPU = Release|Any CPU
		Release|iPhone = Release|iPhone
		Release|iPhoneSimulator = Release|iPhoneSimulator
	EndGlobalSection
	GlobalSection(ProjectConfigurationPlatforms) = postSolution
		{6685D816-1174-4411-A5DA-56B65C5033A6}.Ad-Hoc|Any CPU.ActiveCfg = Release|Any CPU
		{6685D816-1174-4411-A5DA-56B65C5033A6}.Ad-Hoc|Any CPU.Build.0 = Release|Any CPU
		{6685D816-1174-4411-A5DA-56B65C5033A6}.Ad-Hoc|Any CPU.Deploy.0 = Release|Any CPU
		{6685D816-1174-4411-A5DA-56B65C5033A6}.Ad-Hoc|iPhone.ActiveCfg = Release|Any CPU
		{6685D816-1174-4411-A5DA-56B65C5033A6}.Ad-Hoc|iPhone.Build.0 = Release|Any CPU
		{6685D816-1174-4411-A5DA-56B65C5033A6}.Ad-Hoc|iPhone.Deploy.0 = Release|Any CPU
		{6685D816-1174-4411-A5DA-56B65C5033A6}.Ad-Hoc|iPhoneSimulator.ActiveCfg = Release|Any CPU
		{6685D816-1174-4411-A5DA-56B65C5033A6}.Ad-Hoc|iPhoneSimulator.Build.0 = Release|Any CPU
		{6685D816-1174-4411-A5DA-56B65C5033A6}.Ad-Hoc|iPhoneSimulator.Deploy.0 = Release|Any CPU
		{6685D816-1174-4411-A5DA-56B65C5033A6}.AppStore|Any CPU.ActiveCfg = Release|Any CPU
		{6685D816-1174-4411-A5DA-56B65C5033A6}.AppStore|Any CPU.Build.0 = Release|Any CPU
		{6685D816-1174-4411-A5DA-56B65C5033A6}.AppStore|Any CPU.Deploy.0 = Release|Any CPU
		{6685D816-1174-4411-A5DA-56B65C5033A6}.AppStore|iPhone.ActiveCfg = Release|Any CPU
		{6685D816-1174-4411-A5DA-56B65C5033A6}.AppStore|iPhone.Build.0 = Release|Any CPU
		{6685D816-1174-4411-A5DA-56B65C5033A6}.AppStore|iPhone.Deploy.0 = Release|Any CPU
		{6685D816-1174-4411-A5DA-56B65C5033A6}.AppStore|iPhoneSimulator.ActiveCfg = Release|Any CPU
		{6685D816-1174-4411-A5DA-56B65C5033A6}.AppStore|iPhoneSimulator.Build.0 = Release|Any CPU
		{6685D816-1174-4411-A5DA-56B65C5033A6}.AppStore|iPhoneSimulator.Deploy.0 = Release|Any CPU
		{6685D816-1174-4411-A5DA-56B65C5033A6}.Debug|Any CPU.ActiveCfg = Debug|Any CPU
		{6685D816-1174-4411-A5DA-56B65C5033A6}.Debug|Any CPU.Build.0 = Debug|Any CPU
		{6685D816-1174-4411-A5DA-56B65C5033A6}.Debug|Any CPU.Deploy.0 = Debug|Any CPU
		{6685D816-1174-4411-A5DA-56B65C5033A6}.Debug|iPhone.ActiveCfg = Debug|Any CPU
		{6685D816-1174-4411-A5DA-56B65C5033A6}.Debug|iPhone.Build.0 = Debug|Any CPU
		{6685D816-1174-4411-A5DA-56B65C5033A6}.Debug|iPhone.Deploy.0 = Debug|Any CPU
		{6685D816-1174-4411-A5DA-56B65C5033A6}.Debug|iPhoneSimulator.ActiveCfg = Debug|Any CPU
		{6685D816-1174-4411-A5DA-56B65C5033A6}.Debug|iPhoneSimulator.Build.0 = Debug|Any CPU
		{6685D816-1174-4411-A5DA-56B65C5033A6}.Debug|iPhoneSimulator.Deploy.0 = Debug|Any CPU
		{6685D816-1174-4411-A5DA-56B65C5033A6}.Release|Any CPU.ActiveCfg = Release|Any CPU
		{6685D816-1174-4411-A5DA-56B65C5033A6}.Release|Any CPU.Build.0 = Release|Any CPU
		{6685D816-1174-4411-A5DA-56B65C5033A6}.Release|Any CPU.Deploy.0 = Release|Any CPU
		{6685D816-1174-4411-A5DA-56B65C5033A6}.Release|iPhone.ActiveCfg = Release|Any CPU
		{6685D816-1174-4411-A5DA-56B65C5033A6}.Release|iPhone.Build.0 = Release|Any CPU
		{6685D816-1174-4411-A5DA-56B65C5033A6}.Release|iPhone.Deploy.0 = Release|Any CPU
		{6685D816-1174-4411-A5DA-56B65C5033A6}.Release|iPhoneSimulator.ActiveCfg = Release|Any CPU
		{6685D816-1174-4411-A5DA-56B65C5033A6}.Release|iPhoneSimulator.Build.0 = Release|Any CPU
		{6685D816-1174-4411-A5DA-56B65C5033A6}.Release|iPhoneSimulator.Deploy.0 = Release|Any CPU
		{3BD124F8-6A43-4AFF-BE46-49A0029A08DF}.Ad-Hoc|Any CPU.ActiveCfg = Ad-Hoc|iPhone
		{3BD124F8-6A43-4AFF-BE46-49A0029A08DF}.Ad-Hoc|Any CPU.Build.0 = Ad-Hoc|iPhone
		{3BD124F8-6A43-4AFF-BE46-49A0029A08DF}.Ad-Hoc|Any CPU.Deploy.0 = Ad-Hoc|iPhone
		{3BD124F8-6A43-4AFF-BE46-49A0029A08DF}.Ad-Hoc|iPhone.ActiveCfg = Ad-Hoc|iPhone
		{3BD124F8-6A43-4AFF-BE46-49A0029A08DF}.Ad-Hoc|iPhone.Build.0 = Ad-Hoc|iPhone
		{3BD124F8-6A43-4AFF-BE46-49A0029A08DF}.Ad-Hoc|iPhone.Deploy.0 = Ad-Hoc|iPhone
		{3BD124F8-6A43-4AFF-BE46-49A0029A08DF}.Ad-Hoc|iPhoneSimulator.ActiveCfg = Ad-Hoc|iPhoneSimulator
		{3BD124F8-6A43-4AFF-BE46-49A0029A08DF}.Ad-Hoc|iPhoneSimulator.Build.0 = Ad-Hoc|iPhoneSimulator
		{3BD124F8-6A43-4AFF-BE46-49A0029A08DF}.Ad-Hoc|iPhoneSimulator.Deploy.0 = Ad-Hoc|iPhoneSimulator
		{3BD124F8-6A43-4AFF-BE46-49A0029A08DF}.AppStore|Any CPU.ActiveCfg = AppStore|iPhone
		{3BD124F8-6A43-4AFF-BE46-49A0029A08DF}.AppStore|Any CPU.Build.0 = AppStore|iPhone
		{3BD124F8-6A43-4AFF-BE46-49A0029A08DF}.AppStore|Any CPU.Deploy.0 = AppStore|iPhone
		{3BD124F8-6A43-4AFF-BE46-49A0029A08DF}.AppStore|iPhone.ActiveCfg = AppStore|iPhone
		{3BD124F8-6A43-4AFF-BE46-49A0029A08DF}.AppStore|iPhone.Build.0 = AppStore|iPhone
		{3BD124F8-6A43-4AFF-BE46-49A0029A08DF}.AppStore|iPhone.Deploy.0 = AppStore|iPhone
		{3BD124F8-6A43-4AFF-BE46-49A0029A08DF}.AppStore|iPhoneSimulator.ActiveCfg = AppStore|iPhoneSimulator
		{3BD124F8-6A43-4AFF-BE46-49A0029A08DF}.AppStore|iPhoneSimulator.Build.0 = AppStore|iPhoneSimulator
		{3BD124F8-6A43-4AFF-BE46-49A0029A08DF}.AppStore|iPhoneSimulator.Deploy.0 = AppStore|iPhoneSimulator
		{3BD124F8-6A43-4AFF-BE46-49A0029A08DF}.Debug|Any CPU.ActiveCfg = Debug|iPhoneSimulator
		{3BD124F8-6A43-4AFF-BE46-49A0029A08DF}.Debug|Any CPU.Build.0 = Debug|iPhoneSimulator
		{3BD124F8-6A43-4AFF-BE46-49A0029A08DF}.Debug|Any CPU.Deploy.0 = Debug|iPhoneSimulator
		{3BD124F8-6A43-4AFF-BE46-49A0029A08DF}.Debug|iPhone.ActiveCfg = Debug|iPhone
		{3BD124F8-6A43-4AFF-BE46-49A0029A08DF}.Debug|iPhone.Build.0 = Debug|iPhone
		{3BD124F8-6A43-4AFF-BE46-49A0029A08DF}.Debug|iPhone.Deploy.0 = Debug|iPhone
		{3BD124F8-6A43-4AFF-BE46-49A0029A08DF}.Debug|iPhoneSimulator.ActiveCfg = Debug|iPhoneSimulator
		{3BD124F8-6A43-4AFF-BE46-49A0029A08DF}.Debug|iPhoneSimulator.Build.0 = Debug|iPhoneSimulator
		{3BD124F8-6A43-4AFF-BE46-49A0029A08DF}.Debug|iPhoneSimulator.Deploy.0 = Debug|iPhoneSimulator
		{3BD124F8-6A43-4AFF-BE46-49A0029A08DF}.Release|Any CPU.ActiveCfg = Release|iPhone
		{3BD124F8-6A43-4AFF-BE46-49A0029A08DF}.Release|Any CPU.Build.0 = Release|iPhone
		{3BD124F8-6A43-4AFF-BE46-49A0029A08DF}.Release|Any CPU.Deploy.0 = Release|iPhone
		{3BD124F8-6A43-4AFF-BE46-49A0029A08DF}.Release|iPhone.ActiveCfg = Release|iPhone
		{3BD124F8-6A43-4AFF-BE46-49A0029A08DF}.Release|iPhone.Build.0 = Release|iPhone
		{3BD124F8-6A43-4AFF-BE46-49A0029A08DF}.Release|iPhone.Deploy.0 = Release|iPhone
		{3BD124F8-6A43-4AFF-BE46-49A0029A08DF}.Release|iPhoneSimulator.ActiveCfg = Release|iPhoneSimulator
		{3BD124F8-6A43-4AFF-BE46-49A0029A08DF}.Release|iPhoneSimulator.Build.0 = Release|iPhoneSimulator
		{3BD124F8-6A43-4AFF-BE46-49A0029A08DF}.Release|iPhoneSimulator.Deploy.0 = Release|iPhoneSimulator
		{7F5787C5-09B2-4C66-8D0C-169E068EF1BB}.Ad-Hoc|Any CPU.ActiveCfg = Debug|Any CPU
		{7F5787C5-09B2-4C66-8D0C-169E068EF1BB}.Ad-Hoc|Any CPU.Build.0 = Debug|Any CPU
		{7F5787C5-09B2-4C66-8D0C-169E068EF1BB}.Ad-Hoc|Any CPU.Deploy.0 = Debug|Any CPU
		{7F5787C5-09B2-4C66-8D0C-169E068EF1BB}.Ad-Hoc|iPhone.ActiveCfg = Debug|Any CPU
		{7F5787C5-09B2-4C66-8D0C-169E068EF1BB}.Ad-Hoc|iPhone.Build.0 = Debug|Any CPU
		{7F5787C5-09B2-4C66-8D0C-169E068EF1BB}.Ad-Hoc|iPhone.Deploy.0 = Debug|Any CPU
		{7F5787C5-09B2-4C66-8D0C-169E068EF1BB}.Ad-Hoc|iPhoneSimulator.ActiveCfg = Debug|Any CPU
		{7F5787C5-09B2-4C66-8D0C-169E068EF1BB}.Ad-Hoc|iPhoneSimulator.Build.0 = Debug|Any CPU
		{7F5787C5-09B2-4C66-8D0C-169E068EF1BB}.Ad-Hoc|iPhoneSimulator.Deploy.0 = Debug|Any CPU
		{7F5787C5-09B2-4C66-8D0C-169E068EF1BB}.AppStore|Any CPU.ActiveCfg = Debug|Any CPU
		{7F5787C5-09B2-4C66-8D0C-169E068EF1BB}.AppStore|Any CPU.Build.0 = Debug|Any CPU
		{7F5787C5-09B2-4C66-8D0C-169E068EF1BB}.AppStore|Any CPU.Deploy.0 = Debug|Any CPU
		{7F5787C5-09B2-4C66-8D0C-169E068EF1BB}.AppStore|iPhone.ActiveCfg = Debug|Any CPU
		{7F5787C5-09B2-4C66-8D0C-169E068EF1BB}.AppStore|iPhone.Build.0 = Debug|Any CPU
		{7F5787C5-09B2-4C66-8D0C-169E068EF1BB}.AppStore|iPhone.Deploy.0 = Debug|Any CPU
		{7F5787C5-09B2-4C66-8D0C-169E068EF1BB}.AppStore|iPhoneSimulator.ActiveCfg = Debug|Any CPU
		{7F5787C5-09B2-4C66-8D0C-169E068EF1BB}.AppStore|iPhoneSimulator.Build.0 = Debug|Any CPU
		{7F5787C5-09B2-4C66-8D0C-169E068EF1BB}.AppStore|iPhoneSimulator.Deploy.0 = Debug|Any CPU
		{7F5787C5-09B2-4C66-8D0C-169E068EF1BB}.Debug|Any CPU.ActiveCfg = Debug|Any CPU
		{7F5787C5-09B2-4C66-8D0C-169E068EF1BB}.Debug|Any CPU.Build.0 = Debug|Any CPU
		{7F5787C5-09B2-4C66-8D0C-169E068EF1BB}.Debug|Any CPU.Deploy.0 = Debug|Any CPU
		{7F5787C5-09B2-4C66-8D0C-169E068EF1BB}.Debug|iPhone.ActiveCfg = Debug|Any CPU
		{7F5787C5-09B2-4C66-8D0C-169E068EF1BB}.Debug|iPhone.Build.0 = Debug|Any CPU
		{7F5787C5-09B2-4C66-8D0C-169E068EF1BB}.Debug|iPhone.Deploy.0 = Debug|Any CPU
		{7F5787C5-09B2-4C66-8D0C-169E068EF1BB}.Debug|iPhoneSimulator.ActiveCfg = Debug|Any CPU
		{7F5787C5-09B2-4C66-8D0C-169E068EF1BB}.Debug|iPhoneSimulator.Build.0 = Debug|Any CPU
		{7F5787C5-09B2-4C66-8D0C-169E068EF1BB}.Debug|iPhoneSimulator.Deploy.0 = Debug|Any CPU
		{7F5787C5-09B2-4C66-8D0C-169E068EF1BB}.Release|Any CPU.ActiveCfg = Release|Any CPU
		{7F5787C5-09B2-4C66-8D0C-169E068EF1BB}.Release|Any CPU.Build.0 = Release|Any CPU
		{7F5787C5-09B2-4C66-8D0C-169E068EF1BB}.Release|Any CPU.Deploy.0 = Release|Any CPU
		{7F5787C5-09B2-4C66-8D0C-169E068EF1BB}.Release|iPhone.ActiveCfg = Release|Any CPU
		{7F5787C5-09B2-4C66-8D0C-169E068EF1BB}.Release|iPhone.Build.0 = Release|Any CPU
		{7F5787C5-09B2-4C66-8D0C-169E068EF1BB}.Release|iPhone.Deploy.0 = Release|Any CPU
		{7F5787C5-09B2-4C66-8D0C-169E068EF1BB}.Release|iPhoneSimulator.ActiveCfg = Release|Any CPU
		{7F5787C5-09B2-4C66-8D0C-169E068EF1BB}.Release|iPhoneSimulator.Build.0 = Release|Any CPU
		{7F5787C5-09B2-4C66-8D0C-169E068EF1BB}.Release|iPhoneSimulator.Deploy.0 = Release|Any CPU
	EndGlobalSection
	GlobalSection(SolutionProperties) = preSolution
		HideSolutionNode = FALSE
	EndGlobalSection
	GlobalSection(ExtensibilityGlobals) = postSolution
		SolutionGuid = {164468F1-78A2-4FFC-BE23-CD9D4434AE58}
	EndGlobalSection
EndGlobal
